PODS:
  - boost-for-react-native (1.63.0)
  - DoubleConversion (1.1.6)
  - Folly (2016.10.31.00):
    - boost-for-react-native
    - DoubleConversion
    - glog
  - glog (0.3.5)
  - React/Core (0.57.8):
    - yoga (= 0.57.8.React)
  - React/CxxBridge (0.57.8):
    - Folly (= 2016.10.31.00)
    - React/Core
    - React/cxxreact
  - React/cxxreact (0.57.8):
    - boost-for-react-native (= 1.63.0)
    - Folly (= 2016.10.31.00)
    - React/jschelpers
    - React/jsinspector
  - React/jschelpers (0.57.8):
    - Folly (= 2016.10.31.00)
    - React/PrivateDatabase
  - React/jsinspector (0.57.8)
  - React/PrivateDatabase (0.57.8)
  - React/RCTAnimation (0.57.8):
    - React/Core
  - React/RCTImage (0.57.8):
    - React/Core
    - React/RCTNetwork
  - React/RCTLinkingIOS (0.57.8):
    - React/Core
  - React/RCTNetwork (0.57.8):
    - React/Core
  - React/RCTText (0.57.8):
    - React/Core
  - PaciolanSDK (0.1.0):
    - DoubleConversion (= 1.1.6)
    - Folly (= 2016.10.31.00)
    - glog (= 0.3.5)
    - React/Core (= 0.57.8)
    - React/CxxBridge (= 0.57.8)
    - React/RCTAnimation (= 0.57.8)
    - React/RCTImage (= 0.57.8)
    - React/RCTLinkingIOS (= 0.57.8)
    - React/RCTNetwork (= 0.57.8)
    - React/RCTText (= 0.57.8)
    - yoga (= 0.57.8.React)
  - yoga (0.57.8.React)

DEPENDENCIES:
  - PaciolanSDK (from `../`)

SPEC REPOS:
  https://github.com/cocoapods/specs.git:
    - boost-for-react-native
  "https://gitlab+deploy-token-3:uKaSsz4E1Xar-icLsuY4@gitlabdev.paciolan.info/development/application/integration/mobile/msdk-specs.git":
    - DoubleConversion
    - Folly
    - glog
    - React
    - yoga

EXTERNAL SOURCES:
  PaciolanSDK:
    :path: "../"

SPEC CHECKSUMS:
  boost-for-react-native: 39c7adb57c4e60d6c5479dd8623128eb5b3f0f2c
  DoubleConversion: 2ca14703beeb6b302b80c2e322b9a17934d105b5
  Folly: fa458a15230e6bee654f3e2b25f6be60f0b61bf3
  glog: d4d3ed695a9089e790f0cfc7dbcc3bb57f8b11a6
  React: adbac0757ce35e92fbd447ab98c810209d27d9b0
  PaciolanSDK: 964276603a84999b6fc7701a85a577950b13f77d
  yoga: dc7566617ace4ff6f328fa77d1b6945e883244bc

PODFILE CHECKSUM: 47b332933965ea7c0c08e8ddeccdc3bf7bb2f5f8

COCOAPODS: 1.5.3
